{
  "version": 4,
  "terraform_version": "1.9.8",
  "serial": 63,
  "lineage": "e55803c9-a546-062f-a40f-40992afce5e2",
  "outputs": {
    "eks_cluster_endpoint": {
      "value": "https://78DB609C27A3F795B7BBD7C968B08C22.gr7.eu-west-1.eks.amazonaws.com",
      "type": "string"
    },
    "eks_cluster_id": {
      "value": "my-eks-cluster",
      "type": "string"
    },
    "eks_cluster_role_arn": {
      "value": "arn:aws:iam::212773812862:role/eks-cluster-role",
      "type": "string"
    },
    "eks_key_pair_name": {
      "value": "eks-node-key",
      "type": "string"
    },
    "eks_node_group_name": {
      "value": "my-eks-cluster-node-group",
      "type": "string"
    },
    "public_subnet_ids": {
      "value": [
        "subnet-0a0d111b11283cfd4",
        "subnet-02312efe4c82d2958"
      ],
      "type": [
        "tuple",
        [
          "string",
          "string"
        ]
      ]
    },
    "vpc_id": {
      "value": "vpc-06b1e3494e4f3de15",
      "type": "string"
    }
  },
  "resources": [
    {
      "mode": "managed",
      "type": "aws_key_pair",
      "name": "eks_key",
      "provider": "provider[\"registry.terraform.io/hashicorp/aws\"]",
      "instances": [
        {
          "schema_version": 1,
          "attributes": {
            "arn": "arn:aws:ec2:eu-west-1:212773812862:key-pair/eks-node-key",
            "fingerprint": "77:60:8a:e4:af:4a:da:c5:cb:ba:93:83:f5:86:d2:b0",
            "id": "eks-node-key",
            "key_name": "eks-node-key",
            "key_name_prefix": "",
            "key_pair_id": "key-003679a61a8702260",
            "key_type": "rsa",
            "public_key": "ssh-rsa AAAAB3NzaC1yc2EAAAADAQABAAACAQDvDXUqtm0pv5kn/ZIjUtxCML6KjQaCeeEEMdWMF43nXXu1i6IAAnXNjVxpuYoUK+SCnzgBStiYJx9euvQRCeWK/6G7vqzKy+3LaPd9CoVZsU4xiZQ2Y9MMA8lA9544+oQRuZlCmjPf7UVTOtYbCKpJKJuxMTAdaKraEZGZj7HNaFEI5GXlwehxSPfQGbIELJ87KNY0smUiNwJrtQ7UB38sgsbpgYst/PVqhymDbtk2L+WTbRaj2xNCBnMvp6conVMREX1XrFbUNklmYORhv93vvYnt58NMZ+LxYg3AmwtOtGGeK6/Wy5tXOz6BwYbL1wlTp3/TEo9W/Liy+2x6uNbyW6ulNq6W8pIKeXHyCv+7x1RCuNUQ2AHHz42ejT2TOsyvE4eJPBQdBZAsqu0fhX3ADNQqE1mwcbMY2qbmxzsj8q5a0IXWGs9ZP6Tw6eGAhsHWIcr+uyCMcXtbMtxqJ894O2cIP7a9aIblaS1EpH2w/6lbdOHke3uFZqu+kyPRoSphgHvzUKyXgmj3Hpnz7yPpx4uh31sC9TSiZf94VzOnBJhYWwNpdpr+M1a8vv6BQuPP4XHH1Uy99X7D8Bgp5z9lqfNUHgU0hdK+Cv8JN34vjfX6TYf4JgX2+11jovfm7PsTkwl7VjUZKvNgaGvnkXCKpIrApBZKCjlrMKI26DAFZQ==",
            "tags": null,
            "tags_all": {}
          },
          "sensitive_attributes": [],
          "private": "eyJzY2hlbWFfdmVyc2lvbiI6IjEifQ==",
          "dependencies": [
            "module.eks_iam.aws_iam_role.eks_cluster_role",
            "module.eks_iam.aws_iam_role_policy_attachment.eks_cluster_AmazonEC2ContainerRegistryReadOnly",
            "module.eks_iam.aws_iam_role_policy_attachment.eks_cluster_AmazonEKSClusterPolicy",
            "module.eks_iam.aws_iam_role_policy_attachment.eks_cluster_AmazonEKSVPCResourceController",
            "module.eks_iam.aws_iam_role_policy_attachment.eks_cluster_AmazonEKSWorkerNodePolicy",
            "module.eks_iam.aws_iam_role_policy_attachment.eks_cluster_AmazonEKS_CNI_Policy",
            "module.vpc.aws_internet_gateway.igw",
            "module.vpc.aws_route_table.public_route_table",
            "module.vpc.aws_route_table_association.public_subnet_assoc_1",
            "module.vpc.aws_route_table_association.public_subnet_assoc_2",
            "module.vpc.aws_subnet.public_subnet_1",
            "module.vpc.aws_subnet.public_subnet_2",
            "module.vpc.aws_vpc.main_vpc",
            "tls_private_key.eks_node_key"
          ]
        }
      ]
    },
    {
      "mode": "managed",
      "type": "local_file",
      "name": "eks_node_private_key",
      "provider": "provider[\"registry.terraform.io/hashicorp/local\"]",
      "instances": [
        {
          "schema_version": 0,
          "attributes": {
            "content": "-----BEGIN RSA PRIVATE KEY-----\nMIIJKAIBAAKCAgEA7w11KrZtKb+ZJ/2SI1LcQjC+io0GgnnhBDHVjBeN5117tYui\nAAJ1zY1cabmKFCvkgp84AUrYmCcfXrr0EQnliv+hu76sysvty2j3fQqFWbFOMYmU\nNmPTDAPJQPeeOPqEEbmZQpoz3+1FUzrWGwiqSSibsTEwHWiq2hGRmY+xzWhRCORl\n5cHocUj30BmyBCyfOyjWNLJlIjcCa7UO1Ad/LILG6YGLLfz1aocpg27ZNi/lk20W\no9sTQgZzL6enKJ1TERF9V6xW1DZJZmDkYb/d772J7efDTGfi8WINwJsLTrRhniuv\n1subVzs+gcGGy9cJU6d/0xKPVvy4svtserjW8lurpTaulvKSCnlx8gr/u8dUQrjV\nENgBx8+Nno09kzrMrxOHiTwUHQWQLKrtH4V9wAzUKhNZsHGzGNqm5sc7I/KuWtCF\n1hrPWT+k8OnhgIbB1iHK/rsgjHF7WzLcaifPeDtnCD+2vWiG5WktRKR9sP+pW3Th\n5Ht7hWarvpMj0aEqYYB781Csl4Jo9x6Z8+8j6ceLod9bAvU0omX/eFczpwSYWFsD\naXaa/jNWvL7+gULjz+Fxx9VMvfV+w/AYKec/ZanzVB4FNIXSvgr/CTd+L431+k2H\n+CYF9vtdY6L35uz7E5MJe1Y1GSrzYGhr55FwiqSKwKQWSgo5azCiNugwBWUCAwEA\nAQKCAgBlXANuFOO8a+z4s9+e8qdJuXlRLfKwqBTsvmSZffNBQrYNiCMsdd6VRXcF\nrRIK84F0kSYiBiZIfW4jsImEH/ogMbvV60dAxa8SLHOjpS5dlXxeLMOXPERkN8bB\nsTx5VF9jVJrTTqboL6bRX4Ug+U+arYk2XHDWR2cKB6EAx5jQS4bwikdaYBm6zwGk\nTwDYHEN3xhztQyb2lvSDzsV2yab2rIzCvZbR7QvyG1VS0VFwVGa3V+3dlCpaOHnm\nnuOVqP9roUrQPdajLFF7A2JSwBPOb0NoiHiakQH872J9ZEArIvixJDzuim5XUlty\nkSgijg76VW8xhBEbBRUbbtfUQUOBtetOghtp6/nKCeCpRBEorWYFQ4VrN+tmJjdz\nBld9yL2ZCC4hpssGb96xRwJ32hMu8Ojh4s9CwsSA6TnvAWywH2R503QM7SQ8hZlh\nU9N15NkJu7DQIFwC5ypBjGDINqrAIEqb+p0INC5gMy9p+cTVNHGgUqmPi2bnIs7y\nkmYsleeivD0nm61KtSajI4DevVGVemiz/mQVprNVwj6/LGC/2b4jznpGy/rRVx3S\nuOa0sn46p1Rd9wMBD4UYG02hb97MkjbDG7SzWDHWD/Yx/js7qF/XXzfA9S4QT+TH\nMfvXZWninJJFjRh2Yd7ZxWd7hGMkXNH0Ft69cnRsnnKxiMHOkQKCAQEA9jMQiVXl\neO4W5NYk/jTE0+Vmhmcv32Z58aEk8P+rbp3jT7pKiKqVb+/3TZN6xnJKBqTYgsxs\nfYvva6yFFI8boU+M2yZOPAMBvZ2o09cEz23UjsYDSoO//I0WZT5A5WfuSqj65dh7\n0I8tvQDl2KHGsSeQ8KNjGZoT9L6oJ6jp/+IWaTShENRrRNsVdAqbir0xw0cLE7rz\nTCmRlxTf85UFU6UqLnj0vlB0Kbmq0c0Ij0+FE/Z01gJNtysvKBC70GwiUpEqAsaD\nfihdOevcqvRgkqVseAeekTOM8hR40l9JRl1aZW/HdECBjQGtgnbWgj9WymG+yJLq\nmzgTzGOC1GVpDwKCAQEA+JGPueUOaucl69h29exYI4js/JDl+G9lb7B4mU61RgQb\nWG1hS3zdYeoL0Yq9IuGpzFTOfZAy8m2DJfzsE8aWYCRPyIJG9zgmoJjG6gjFtX7W\n5Q/a0QMQv4rNh+mDzlXJvMIQ/OwMl22PyTcL1chk3AYA3koOXP5ryohAhwmP7NxQ\nzczCFTM+wPNT/lInI8yogLEXaWsIcuadyJLN8N47vWyDvConbHmVxmfznEGrw+CG\ncvxvrC8hsSHyc5aynf2QM7fnPKuFBbObWwDzr1BXXmj8+8wKAzwf1pr910/S0IDV\nFo+Mmxw/hd6TpZFqIMg+3u3teLpZyNRRlGDA3pXiSwKCAQADwL2EymloEYEJ1fXU\nZiuF615HuDTzm9VKCKHOhqcvVXrMkVNnh+olPawwY4ogkkdsmICwZbtVopdwtb2F\nlbTfHZ5RDOFuasFRCaE0MXfiTZNK5dvQ+/cmO2RXAL7ugEoSm0bP0B/7CuOwmN3o\nEnc75hWAhY0SK9YYCfv4NsvyWZjr26CE6CgGcax/C1ZZpA6pImEZ2OSyiYOtoOTV\nCrV9E+xzruZULFfI9wqSjiSOQrENn9kiFgDnROJAIxkp0SwoxAu25R3GA4mAQ4cm\nl/kM4zanEb6qCfYhDozU8Bzm1K93EmAg9obDBn6FmZglfh+tkBXfatXmrdEncXDi\nGfWjAoIBAQCHQE0ATY6GxLdxmRtBvRRIYZzx4LYBdDuxhkhYwucH7fwjJYEnXg3n\n1T4RCnjXngqSUCL7V5chKk2OQg0Cxa/VKGzxIVIT+s2p3Pd/KL7LfvTXNsVNrWlT\nj+c96OX7Q9q9hqtPs/E2BDuUtQsPjDa1Md8PFSSznQxx66mQ0LcrnsWo9Z01g+jF\nfKFbZMA/ToDxZWrjxYWXX7zDAn5kbcf7zivwGs/QymegybdYcrNPpcACmTD6c7rV\ncy9Fjd4q8WmhepOsA3giHhSOc/okjoa7rEzbha59DB4W28b7fUeshC1uVTWgwMIf\nyXh1QqaIp+ztyHDKnDt2d3DcV7kaZFv5AoIBAAZ7+yg52xRAPnH/lVcZ11UpDdwG\n+0epuxJngLn7ZyQBSi9XzYuLen/75KrFLGUpYepmPT6VXchtdfYIJHJc7FeAEpgN\nXi1F9qp8SfraT4Wt7uSjIhAxl1DqYiKAqXSXKtZhDZURBzJuta4fr4kHU9kFSLY2\nv3S9nHvPN+dKf/Agy5s28CmiSOFbbOBXY5ROR4+BqacG46yJyMI+Z1QYPJAUIjix\nV4M6TFE3GQcVb1l+6QKz3ZjnRvpim72UgFD+oECSClWN3Zw1iPWZ9YjxXpPB0Ema\nxGvJArLHGcPUXA2nESlZhnKnx9dZMAEDVXSWFqLjF0XGBKKxkjq1lhSVh3E=\n-----END RSA PRIVATE KEY-----\n",
            "content_base64": null,
            "content_base64sha256": "lp/fJMX5N6BEgNWwh/PoKpAVI4b2uRCBMni5Ckcu7cY=",
            "content_base64sha512": "uBI1tIAJSNytd5uOS9wHIIujpxJMwwwXrOh96jst/hIQ6D84k695/uXR+4GDlGlg8VqiDSkkmjEAOfNcl6gI9g==",
            "content_md5": "cb376c0b48acb916277d967dd0536bf0",
            "content_sha1": "9faf3fb4eb1e75973a733bd24da685e24373c372",
            "content_sha256": "969fdf24c5f937a04480d5b087f3e82a90152386f6b910813278b90a472eedc6",
            "content_sha512": "b81235b4800948dcad779b8e4bdc07208ba3a7124cc30c17ace87dea3b2dfe1210e83f3893af79fee5d1fb8183946960f15aa20d29249a310039f35c97a808f6",
            "directory_permission": "0777",
            "file_permission": "0400",
            "filename": "./manifest/eks-node-key.pem",
            "id": "9faf3fb4eb1e75973a733bd24da685e24373c372",
            "sensitive_content": null,
            "source": null
          },
          "sensitive_attributes": [
            [
              {
                "type": "get_attr",
                "value": "content"
              }
            ],
            [
              {
                "type": "get_attr",
                "value": "sensitive_content"
              }
            ]
          ],
          "dependencies": [
            "aws_key_pair.eks_key",
            "module.eks_iam.aws_iam_role.eks_cluster_role",
            "module.eks_iam.aws_iam_role_policy_attachment.eks_cluster_AmazonEC2ContainerRegistryReadOnly",
            "module.eks_iam.aws_iam_role_policy_attachment.eks_cluster_AmazonEKSClusterPolicy",
            "module.eks_iam.aws_iam_role_policy_attachment.eks_cluster_AmazonEKSVPCResourceController",
            "module.eks_iam.aws_iam_role_policy_attachment.eks_cluster_AmazonEKSWorkerNodePolicy",
            "module.eks_iam.aws_iam_role_policy_attachment.eks_cluster_AmazonEKS_CNI_Policy",
            "module.vpc.aws_internet_gateway.igw",
            "module.vpc.aws_route_table.public_route_table",
            "module.vpc.aws_route_table_association.public_subnet_assoc_1",
            "module.vpc.aws_route_table_association.public_subnet_assoc_2",
            "module.vpc.aws_subnet.public_subnet_1",
            "module.vpc.aws_subnet.public_subnet_2",
            "module.vpc.aws_vpc.main_vpc",
            "tls_private_key.eks_node_key"
          ]
        }
      ]
    },
    {
      "mode": "managed",
      "type": "tls_private_key",
      "name": "eks_node_key",
      "provider": "provider[\"registry.terraform.io/hashicorp/tls\"]",
      "instances": [
        {
          "schema_version": 1,
          "attributes": {
            "algorithm": "RSA",
            "ecdsa_curve": "P224",
            "id": "bd8e3953df41956a8c4fd52041783c55332cb436",
            "private_key_openssh": "-----BEGIN OPENSSH PRIVATE KEY-----\nb3BlbnNzaC1rZXktdjEAAAAABG5vbmUAAAAEbm9uZQAAAAAAAAABAAACFwAAAAdz\nc2gtcnNhAAAAAwEAAQAAAgEA7w11KrZtKb+ZJ/2SI1LcQjC+io0GgnnhBDHVjBeN\n5117tYuiAAJ1zY1cabmKFCvkgp84AUrYmCcfXrr0EQnliv+hu76sysvty2j3fQqF\nWbFOMYmUNmPTDAPJQPeeOPqEEbmZQpoz3+1FUzrWGwiqSSibsTEwHWiq2hGRmY+x\nzWhRCORl5cHocUj30BmyBCyfOyjWNLJlIjcCa7UO1Ad/LILG6YGLLfz1aocpg27Z\nNi/lk20Wo9sTQgZzL6enKJ1TERF9V6xW1DZJZmDkYb/d772J7efDTGfi8WINwJsL\nTrRhniuv1subVzs+gcGGy9cJU6d/0xKPVvy4svtserjW8lurpTaulvKSCnlx8gr/\nu8dUQrjVENgBx8+Nno09kzrMrxOHiTwUHQWQLKrtH4V9wAzUKhNZsHGzGNqm5sc7\nI/KuWtCF1hrPWT+k8OnhgIbB1iHK/rsgjHF7WzLcaifPeDtnCD+2vWiG5WktRKR9\nsP+pW3Th5Ht7hWarvpMj0aEqYYB781Csl4Jo9x6Z8+8j6ceLod9bAvU0omX/eFcz\npwSYWFsDaXaa/jNWvL7+gULjz+Fxx9VMvfV+w/AYKec/ZanzVB4FNIXSvgr/CTd+\nL431+k2H+CYF9vtdY6L35uz7E5MJe1Y1GSrzYGhr55FwiqSKwKQWSgo5azCiNugw\nBWUAAAc4UzSLd1M0i3cAAAAHc3NoLXJzYQAAAgEA7w11KrZtKb+ZJ/2SI1LcQjC+\nio0GgnnhBDHVjBeN5117tYuiAAJ1zY1cabmKFCvkgp84AUrYmCcfXrr0EQnliv+h\nu76sysvty2j3fQqFWbFOMYmUNmPTDAPJQPeeOPqEEbmZQpoz3+1FUzrWGwiqSSib\nsTEwHWiq2hGRmY+xzWhRCORl5cHocUj30BmyBCyfOyjWNLJlIjcCa7UO1Ad/LILG\n6YGLLfz1aocpg27ZNi/lk20Wo9sTQgZzL6enKJ1TERF9V6xW1DZJZmDkYb/d772J\n7efDTGfi8WINwJsLTrRhniuv1subVzs+gcGGy9cJU6d/0xKPVvy4svtserjW8lur\npTaulvKSCnlx8gr/u8dUQrjVENgBx8+Nno09kzrMrxOHiTwUHQWQLKrtH4V9wAzU\nKhNZsHGzGNqm5sc7I/KuWtCF1hrPWT+k8OnhgIbB1iHK/rsgjHF7WzLcaifPeDtn\nCD+2vWiG5WktRKR9sP+pW3Th5Ht7hWarvpMj0aEqYYB781Csl4Jo9x6Z8+8j6ceL\nod9bAvU0omX/eFczpwSYWFsDaXaa/jNWvL7+gULjz+Fxx9VMvfV+w/AYKec/Zanz\nVB4FNIXSvgr/CTd+L431+k2H+CYF9vtdY6L35uz7E5MJe1Y1GSrzYGhr55FwiqSK\nwKQWSgo5azCiNugwBWUAAAADAQABAAACAGVcA24U47xr7Piz357yp0m5eVEt8rCo\nFOy+ZJl980FCtg2IIyx13pVFdwWtEgrzgXSRJiIGJkh9biOwiYQf+iAxu9XrR0DF\nrxIsc6OlLl2VfF4sw5c8RGQ3xsGxPHlUX2NUmtNOpugvptFfhSD5T5qtiTZccNZH\nZwoHoQDHmNBLhvCKR1pgGbrPAaRPANgcQ3fGHO1DJvaW9IPOxXbJpvasjMK9ltHt\nC/IbVVLRUXBUZrdX7d2UKlo4eeae45Wo/2uhStA91qMsUXsDYlLAE85vQ2iIeJqR\nAfzvYn1kQCsi+LEkPO6KbldSW3KRKCKODvpVbzGEERsFFRtu19RBQ4G1606CG2nr\n+coJ4KlEESitZgVDhWs362YmN3MGV33IvZkILiGmywZv3rFHAnfaEy7w6OHiz0LC\nxIDpOe8BbLAfZHnTdAztJDyFmWFT03Xk2Qm7sNAgXALnKkGMYMg2qsAgSpv6nQg0\nLmAzL2n5xNU0caBSqY+LZucizvKSZiyV56K8PSebrUq1JqMjgN69UZV6aLP+ZBWm\ns1XCPr8sYL/ZviPOekbL+tFXHdK45rSyfjqnVF33AwEPhRgbTaFv3sySNsMbtLNY\nMdYP9jH+OzuoX9dfN8D1LhBP5Mcx+9dlaeKckkWNGHZh3tnFZ3uEYyRc0fQW3r1y\ndGyecrGIwc6RAAABAAZ7+yg52xRAPnH/lVcZ11UpDdwG+0epuxJngLn7ZyQBSi9X\nzYuLen/75KrFLGUpYepmPT6VXchtdfYIJHJc7FeAEpgNXi1F9qp8SfraT4Wt7uSj\nIhAxl1DqYiKAqXSXKtZhDZURBzJuta4fr4kHU9kFSLY2v3S9nHvPN+dKf/Agy5s2\n8CmiSOFbbOBXY5ROR4+BqacG46yJyMI+Z1QYPJAUIjixV4M6TFE3GQcVb1l+6QKz\n3ZjnRvpim72UgFD+oECSClWN3Zw1iPWZ9YjxXpPB0EmaxGvJArLHGcPUXA2nESlZ\nhnKnx9dZMAEDVXSWFqLjF0XGBKKxkjq1lhSVh3EAAAEBAPYzEIlV5XjuFuTWJP40\nxNPlZoZnL99mefGhJPD/q26d40+6SoiqlW/v902TesZySgak2ILMbH2L72ushRSP\nG6FPjNsmTjwDAb2dqNPXBM9t1I7GA0qDv/yNFmU+QOVn7kqo+uXYe9CPLb0A5dih\nxrEnkPCjYxmaE/S+qCeo6f/iFmk0oRDUa0TbFXQKm4q9McNHCxO680wpkZcU3/OV\nBVOlKi549L5QdCm5qtHNCI9PhRP2dNYCTbcrLygQu9BsIlKRKgLGg34oXTnr3Kr0\nYJKlbHgHnpEzjPIUeNJfSUZdWmVvx3RAgY0BrYJ21oI/VsphvsiS6ps4E8xjgtRl\naQ8AAAEBAPiRj7nlDmrnJevYdvXsWCOI7PyQ5fhvZW+weJlOtUYEG1htYUt83WHq\nC9GKvSLhqcxUzn2QMvJtgyX87BPGlmAkT8iCRvc4JqCYxuoIxbV+1uUP2tEDEL+K\nzYfpg85VybzCEPzsDJdtj8k3C9XIZNwGAN5KDlz+a8qIQIcJj+zcUM3MwhUzPsDz\nU/5SJyPMqICxF2lrCHLmnciSzfDeO71sg7wqJ2x5lcZn85xBq8PghnL8b6wvIbEh\n8nOWsp39kDO35zyrhQWzm1sA869QV15o/PvMCgM8H9aa/ddP0tCA1RaPjJscP4Xe\nk6WRaiDIPt7t7Xi6WcjUUZRgwN6V4ksAAAAAAQID\n-----END OPENSSH PRIVATE KEY-----\n",
            "private_key_pem": "-----BEGIN RSA PRIVATE KEY-----\nMIIJKAIBAAKCAgEA7w11KrZtKb+ZJ/2SI1LcQjC+io0GgnnhBDHVjBeN5117tYui\nAAJ1zY1cabmKFCvkgp84AUrYmCcfXrr0EQnliv+hu76sysvty2j3fQqFWbFOMYmU\nNmPTDAPJQPeeOPqEEbmZQpoz3+1FUzrWGwiqSSibsTEwHWiq2hGRmY+xzWhRCORl\n5cHocUj30BmyBCyfOyjWNLJlIjcCa7UO1Ad/LILG6YGLLfz1aocpg27ZNi/lk20W\no9sTQgZzL6enKJ1TERF9V6xW1DZJZmDkYb/d772J7efDTGfi8WINwJsLTrRhniuv\n1subVzs+gcGGy9cJU6d/0xKPVvy4svtserjW8lurpTaulvKSCnlx8gr/u8dUQrjV\nENgBx8+Nno09kzrMrxOHiTwUHQWQLKrtH4V9wAzUKhNZsHGzGNqm5sc7I/KuWtCF\n1hrPWT+k8OnhgIbB1iHK/rsgjHF7WzLcaifPeDtnCD+2vWiG5WktRKR9sP+pW3Th\n5Ht7hWarvpMj0aEqYYB781Csl4Jo9x6Z8+8j6ceLod9bAvU0omX/eFczpwSYWFsD\naXaa/jNWvL7+gULjz+Fxx9VMvfV+w/AYKec/ZanzVB4FNIXSvgr/CTd+L431+k2H\n+CYF9vtdY6L35uz7E5MJe1Y1GSrzYGhr55FwiqSKwKQWSgo5azCiNugwBWUCAwEA\nAQKCAgBlXANuFOO8a+z4s9+e8qdJuXlRLfKwqBTsvmSZffNBQrYNiCMsdd6VRXcF\nrRIK84F0kSYiBiZIfW4jsImEH/ogMbvV60dAxa8SLHOjpS5dlXxeLMOXPERkN8bB\nsTx5VF9jVJrTTqboL6bRX4Ug+U+arYk2XHDWR2cKB6EAx5jQS4bwikdaYBm6zwGk\nTwDYHEN3xhztQyb2lvSDzsV2yab2rIzCvZbR7QvyG1VS0VFwVGa3V+3dlCpaOHnm\nnuOVqP9roUrQPdajLFF7A2JSwBPOb0NoiHiakQH872J9ZEArIvixJDzuim5XUlty\nkSgijg76VW8xhBEbBRUbbtfUQUOBtetOghtp6/nKCeCpRBEorWYFQ4VrN+tmJjdz\nBld9yL2ZCC4hpssGb96xRwJ32hMu8Ojh4s9CwsSA6TnvAWywH2R503QM7SQ8hZlh\nU9N15NkJu7DQIFwC5ypBjGDINqrAIEqb+p0INC5gMy9p+cTVNHGgUqmPi2bnIs7y\nkmYsleeivD0nm61KtSajI4DevVGVemiz/mQVprNVwj6/LGC/2b4jznpGy/rRVx3S\nuOa0sn46p1Rd9wMBD4UYG02hb97MkjbDG7SzWDHWD/Yx/js7qF/XXzfA9S4QT+TH\nMfvXZWninJJFjRh2Yd7ZxWd7hGMkXNH0Ft69cnRsnnKxiMHOkQKCAQEA9jMQiVXl\neO4W5NYk/jTE0+Vmhmcv32Z58aEk8P+rbp3jT7pKiKqVb+/3TZN6xnJKBqTYgsxs\nfYvva6yFFI8boU+M2yZOPAMBvZ2o09cEz23UjsYDSoO//I0WZT5A5WfuSqj65dh7\n0I8tvQDl2KHGsSeQ8KNjGZoT9L6oJ6jp/+IWaTShENRrRNsVdAqbir0xw0cLE7rz\nTCmRlxTf85UFU6UqLnj0vlB0Kbmq0c0Ij0+FE/Z01gJNtysvKBC70GwiUpEqAsaD\nfihdOevcqvRgkqVseAeekTOM8hR40l9JRl1aZW/HdECBjQGtgnbWgj9WymG+yJLq\nmzgTzGOC1GVpDwKCAQEA+JGPueUOaucl69h29exYI4js/JDl+G9lb7B4mU61RgQb\nWG1hS3zdYeoL0Yq9IuGpzFTOfZAy8m2DJfzsE8aWYCRPyIJG9zgmoJjG6gjFtX7W\n5Q/a0QMQv4rNh+mDzlXJvMIQ/OwMl22PyTcL1chk3AYA3koOXP5ryohAhwmP7NxQ\nzczCFTM+wPNT/lInI8yogLEXaWsIcuadyJLN8N47vWyDvConbHmVxmfznEGrw+CG\ncvxvrC8hsSHyc5aynf2QM7fnPKuFBbObWwDzr1BXXmj8+8wKAzwf1pr910/S0IDV\nFo+Mmxw/hd6TpZFqIMg+3u3teLpZyNRRlGDA3pXiSwKCAQADwL2EymloEYEJ1fXU\nZiuF615HuDTzm9VKCKHOhqcvVXrMkVNnh+olPawwY4ogkkdsmICwZbtVopdwtb2F\nlbTfHZ5RDOFuasFRCaE0MXfiTZNK5dvQ+/cmO2RXAL7ugEoSm0bP0B/7CuOwmN3o\nEnc75hWAhY0SK9YYCfv4NsvyWZjr26CE6CgGcax/C1ZZpA6pImEZ2OSyiYOtoOTV\nCrV9E+xzruZULFfI9wqSjiSOQrENn9kiFgDnROJAIxkp0SwoxAu25R3GA4mAQ4cm\nl/kM4zanEb6qCfYhDozU8Bzm1K93EmAg9obDBn6FmZglfh+tkBXfatXmrdEncXDi\nGfWjAoIBAQCHQE0ATY6GxLdxmRtBvRRIYZzx4LYBdDuxhkhYwucH7fwjJYEnXg3n\n1T4RCnjXngqSUCL7V5chKk2OQg0Cxa/VKGzxIVIT+s2p3Pd/KL7LfvTXNsVNrWlT\nj+c96OX7Q9q9hqtPs/E2BDuUtQsPjDa1Md8PFSSznQxx66mQ0LcrnsWo9Z01g+jF\nfKFbZMA/ToDxZWrjxYWXX7zDAn5kbcf7zivwGs/QymegybdYcrNPpcACmTD6c7rV\ncy9Fjd4q8WmhepOsA3giHhSOc/okjoa7rEzbha59DB4W28b7fUeshC1uVTWgwMIf\nyXh1QqaIp+ztyHDKnDt2d3DcV7kaZFv5AoIBAAZ7+yg52xRAPnH/lVcZ11UpDdwG\n+0epuxJngLn7ZyQBSi9XzYuLen/75KrFLGUpYepmPT6VXchtdfYIJHJc7FeAEpgN\nXi1F9qp8SfraT4Wt7uSjIhAxl1DqYiKAqXSXKtZhDZURBzJuta4fr4kHU9kFSLY2\nv3S9nHvPN+dKf/Agy5s28CmiSOFbbOBXY5ROR4+BqacG46yJyMI+Z1QYPJAUIjix\nV4M6TFE3GQcVb1l+6QKz3ZjnRvpim72UgFD+oECSClWN3Zw1iPWZ9YjxXpPB0Ema\nxGvJArLHGcPUXA2nESlZhnKnx9dZMAEDVXSWFqLjF0XGBKKxkjq1lhSVh3E=\n-----END RSA PRIVATE KEY-----\n",
            "private_key_pem_pkcs8": "-----BEGIN PRIVATE KEY-----\nMIIJQgIBADANBgkqhkiG9w0BAQEFAASCCSwwggkoAgEAAoICAQDvDXUqtm0pv5kn\n/ZIjUtxCML6KjQaCeeEEMdWMF43nXXu1i6IAAnXNjVxpuYoUK+SCnzgBStiYJx9e\nuvQRCeWK/6G7vqzKy+3LaPd9CoVZsU4xiZQ2Y9MMA8lA9544+oQRuZlCmjPf7UVT\nOtYbCKpJKJuxMTAdaKraEZGZj7HNaFEI5GXlwehxSPfQGbIELJ87KNY0smUiNwJr\ntQ7UB38sgsbpgYst/PVqhymDbtk2L+WTbRaj2xNCBnMvp6conVMREX1XrFbUNklm\nYORhv93vvYnt58NMZ+LxYg3AmwtOtGGeK6/Wy5tXOz6BwYbL1wlTp3/TEo9W/Liy\n+2x6uNbyW6ulNq6W8pIKeXHyCv+7x1RCuNUQ2AHHz42ejT2TOsyvE4eJPBQdBZAs\nqu0fhX3ADNQqE1mwcbMY2qbmxzsj8q5a0IXWGs9ZP6Tw6eGAhsHWIcr+uyCMcXtb\nMtxqJ894O2cIP7a9aIblaS1EpH2w/6lbdOHke3uFZqu+kyPRoSphgHvzUKyXgmj3\nHpnz7yPpx4uh31sC9TSiZf94VzOnBJhYWwNpdpr+M1a8vv6BQuPP4XHH1Uy99X7D\n8Bgp5z9lqfNUHgU0hdK+Cv8JN34vjfX6TYf4JgX2+11jovfm7PsTkwl7VjUZKvNg\naGvnkXCKpIrApBZKCjlrMKI26DAFZQIDAQABAoICAGVcA24U47xr7Piz357yp0m5\neVEt8rCoFOy+ZJl980FCtg2IIyx13pVFdwWtEgrzgXSRJiIGJkh9biOwiYQf+iAx\nu9XrR0DFrxIsc6OlLl2VfF4sw5c8RGQ3xsGxPHlUX2NUmtNOpugvptFfhSD5T5qt\niTZccNZHZwoHoQDHmNBLhvCKR1pgGbrPAaRPANgcQ3fGHO1DJvaW9IPOxXbJpvas\njMK9ltHtC/IbVVLRUXBUZrdX7d2UKlo4eeae45Wo/2uhStA91qMsUXsDYlLAE85v\nQ2iIeJqRAfzvYn1kQCsi+LEkPO6KbldSW3KRKCKODvpVbzGEERsFFRtu19RBQ4G1\n606CG2nr+coJ4KlEESitZgVDhWs362YmN3MGV33IvZkILiGmywZv3rFHAnfaEy7w\n6OHiz0LCxIDpOe8BbLAfZHnTdAztJDyFmWFT03Xk2Qm7sNAgXALnKkGMYMg2qsAg\nSpv6nQg0LmAzL2n5xNU0caBSqY+LZucizvKSZiyV56K8PSebrUq1JqMjgN69UZV6\naLP+ZBWms1XCPr8sYL/ZviPOekbL+tFXHdK45rSyfjqnVF33AwEPhRgbTaFv3syS\nNsMbtLNYMdYP9jH+OzuoX9dfN8D1LhBP5Mcx+9dlaeKckkWNGHZh3tnFZ3uEYyRc\n0fQW3r1ydGyecrGIwc6RAoIBAQD2MxCJVeV47hbk1iT+NMTT5WaGZy/fZnnxoSTw\n/6tuneNPukqIqpVv7/dNk3rGckoGpNiCzGx9i+9rrIUUjxuhT4zbJk48AwG9najT\n1wTPbdSOxgNKg7/8jRZlPkDlZ+5KqPrl2HvQjy29AOXYocaxJ5Dwo2MZmhP0vqgn\nqOn/4hZpNKEQ1GtE2xV0CpuKvTHDRwsTuvNMKZGXFN/zlQVTpSouePS+UHQpuarR\nzQiPT4UT9nTWAk23Ky8oELvQbCJSkSoCxoN+KF0569yq9GCSpWx4B56RM4zyFHjS\nX0lGXVplb8d0QIGNAa2CdtaCP1bKYb7IkuqbOBPMY4LUZWkPAoIBAQD4kY+55Q5q\n5yXr2Hb17FgjiOz8kOX4b2VvsHiZTrVGBBtYbWFLfN1h6gvRir0i4anMVM59kDLy\nbYMl/OwTxpZgJE/Igkb3OCagmMbqCMW1ftblD9rRAxC/is2H6YPOVcm8whD87AyX\nbY/JNwvVyGTcBgDeSg5c/mvKiECHCY/s3FDNzMIVMz7A81P+UicjzKiAsRdpawhy\n5p3Iks3w3ju9bIO8KidseZXGZ/OcQavD4IZy/G+sLyGxIfJzlrKd/ZAzt+c8q4UF\ns5tbAPOvUFdeaPz7zAoDPB/Wmv3XT9LQgNUWj4ybHD+F3pOlkWogyD7e7e14ulnI\n1FGUYMDeleJLAoIBAAPAvYTKaWgRgQnV9dRmK4XrXke4NPOb1UoIoc6Gpy9VesyR\nU2eH6iU9rDBjiiCSR2yYgLBlu1Wil3C1vYWVtN8dnlEM4W5qwVEJoTQxd+JNk0rl\n29D79yY7ZFcAvu6AShKbRs/QH/sK47CY3egSdzvmFYCFjRIr1hgJ+/g2y/JZmOvb\noIToKAZxrH8LVlmkDqkiYRnY5LKJg62g5NUKtX0T7HOu5lQsV8j3CpKOJI5CsQ2f\n2SIWAOdE4kAjGSnRLCjEC7blHcYDiYBDhyaX+QzjNqcRvqoJ9iEOjNTwHObUr3cS\nYCD2hsMGfoWZmCV+H62QFd9q1eat0SdxcOIZ9aMCggEBAIdATQBNjobEt3GZG0G9\nFEhhnPHgtgF0O7GGSFjC5wft/CMlgSdeDefVPhEKeNeeCpJQIvtXlyEqTY5CDQLF\nr9UobPEhUhP6zanc938ovst+9Nc2xU2taVOP5z3o5ftD2r2Gq0+z8TYEO5S1Cw+M\nNrUx3w8VJLOdDHHrqZDQtyuexaj1nTWD6MV8oVtkwD9OgPFlauPFhZdfvMMCfmRt\nx/vOK/Aaz9DKZ6DJt1hys0+lwAKZMPpzutVzL0WN3irxaaF6k6wDeCIeFI5z+iSO\nhrusTNuFrn0MHhbbxvt9R6yELW5VNaDAwh/JeHVCpoin7O3IcMqcO3Z3cNxXuRpk\nW/kCggEABnv7KDnbFEA+cf+VVxnXVSkN3Ab7R6m7EmeAuftnJAFKL1fNi4t6f/vk\nqsUsZSlh6mY9PpVdyG119ggkclzsV4ASmA1eLUX2qnxJ+tpPha3u5KMiEDGXUOpi\nIoCpdJcq1mENlREHMm61rh+viQdT2QVItja/dL2ce88350p/8CDLmzbwKaJI4Vts\n4FdjlE5Hj4GppwbjrInIwj5nVBg8kBQiOLFXgzpMUTcZBxVvWX7pArPdmOdG+mKb\nvZSAUP6gQJIKVY3dnDWI9Zn1iPFek8HQSZrEa8kCsscZw9RcDacRKVmGcqfH11kw\nAQNVdJYWouMXRcYEorGSOrWWFJWHcQ==\n-----END PRIVATE KEY-----\n",
            "public_key_fingerprint_md5": "aa:3b:8d:9c:4e:d8:71:68:c6:16:e0:a4:27:ed:08:dd",
            "public_key_fingerprint_sha256": "SHA256:2lW9OULMEa5iDFeadNQ0OZKMXf6G1g8+ueCWNQ+IPNE",
            "public_key_openssh": "ssh-rsa AAAAB3NzaC1yc2EAAAADAQABAAACAQDvDXUqtm0pv5kn/ZIjUtxCML6KjQaCeeEEMdWMF43nXXu1i6IAAnXNjVxpuYoUK+SCnzgBStiYJx9euvQRCeWK/6G7vqzKy+3LaPd9CoVZsU4xiZQ2Y9MMA8lA9544+oQRuZlCmjPf7UVTOtYbCKpJKJuxMTAdaKraEZGZj7HNaFEI5GXlwehxSPfQGbIELJ87KNY0smUiNwJrtQ7UB38sgsbpgYst/PVqhymDbtk2L+WTbRaj2xNCBnMvp6conVMREX1XrFbUNklmYORhv93vvYnt58NMZ+LxYg3AmwtOtGGeK6/Wy5tXOz6BwYbL1wlTp3/TEo9W/Liy+2x6uNbyW6ulNq6W8pIKeXHyCv+7x1RCuNUQ2AHHz42ejT2TOsyvE4eJPBQdBZAsqu0fhX3ADNQqE1mwcbMY2qbmxzsj8q5a0IXWGs9ZP6Tw6eGAhsHWIcr+uyCMcXtbMtxqJ894O2cIP7a9aIblaS1EpH2w/6lbdOHke3uFZqu+kyPRoSphgHvzUKyXgmj3Hpnz7yPpx4uh31sC9TSiZf94VzOnBJhYWwNpdpr+M1a8vv6BQuPP4XHH1Uy99X7D8Bgp5z9lqfNUHgU0hdK+Cv8JN34vjfX6TYf4JgX2+11jovfm7PsTkwl7VjUZKvNgaGvnkXCKpIrApBZKCjlrMKI26DAFZQ==\n",
            "public_key_pem": "-----BEGIN PUBLIC KEY-----\nMIICIjANBgkqhkiG9w0BAQEFAAOCAg8AMIICCgKCAgEA7w11KrZtKb+ZJ/2SI1Lc\nQjC+io0GgnnhBDHVjBeN5117tYuiAAJ1zY1cabmKFCvkgp84AUrYmCcfXrr0EQnl\niv+hu76sysvty2j3fQqFWbFOMYmUNmPTDAPJQPeeOPqEEbmZQpoz3+1FUzrWGwiq\nSSibsTEwHWiq2hGRmY+xzWhRCORl5cHocUj30BmyBCyfOyjWNLJlIjcCa7UO1Ad/\nLILG6YGLLfz1aocpg27ZNi/lk20Wo9sTQgZzL6enKJ1TERF9V6xW1DZJZmDkYb/d\n772J7efDTGfi8WINwJsLTrRhniuv1subVzs+gcGGy9cJU6d/0xKPVvy4svtserjW\n8lurpTaulvKSCnlx8gr/u8dUQrjVENgBx8+Nno09kzrMrxOHiTwUHQWQLKrtH4V9\nwAzUKhNZsHGzGNqm5sc7I/KuWtCF1hrPWT+k8OnhgIbB1iHK/rsgjHF7WzLcaifP\neDtnCD+2vWiG5WktRKR9sP+pW3Th5Ht7hWarvpMj0aEqYYB781Csl4Jo9x6Z8+8j\n6ceLod9bAvU0omX/eFczpwSYWFsDaXaa/jNWvL7+gULjz+Fxx9VMvfV+w/AYKec/\nZanzVB4FNIXSvgr/CTd+L431+k2H+CYF9vtdY6L35uz7E5MJe1Y1GSrzYGhr55Fw\niqSKwKQWSgo5azCiNugwBWUCAwEAAQ==\n-----END PUBLIC KEY-----\n",
            "rsa_bits": 4096
          },
          "sensitive_attributes": [
            [
              {
                "type": "get_attr",
                "value": "private_key_pem_pkcs8"
              }
            ],
            [
              {
                "type": "get_attr",
                "value": "private_key_openssh"
              }
            ],
            [
              {
                "type": "get_attr",
                "value": "private_key_pem"
              }
            ]
          ],
          "dependencies": [
            "module.eks_iam.aws_iam_role.eks_cluster_role",
            "module.eks_iam.aws_iam_role_policy_attachment.eks_cluster_AmazonEC2ContainerRegistryReadOnly",
            "module.eks_iam.aws_iam_role_policy_attachment.eks_cluster_AmazonEKSClusterPolicy",
            "module.eks_iam.aws_iam_role_policy_attachment.eks_cluster_AmazonEKSVPCResourceController",
            "module.eks_iam.aws_iam_role_policy_attachment.eks_cluster_AmazonEKSWorkerNodePolicy",
            "module.eks_iam.aws_iam_role_policy_attachment.eks_cluster_AmazonEKS_CNI_Policy",
            "module.vpc.aws_internet_gateway.igw",
            "module.vpc.aws_route_table.public_route_table",
            "module.vpc.aws_route_table_association.public_subnet_assoc_1",
            "module.vpc.aws_route_table_association.public_subnet_assoc_2",
            "module.vpc.aws_subnet.public_subnet_1",
            "module.vpc.aws_subnet.public_subnet_2",
            "module.vpc.aws_vpc.main_vpc"
          ]
        }
      ]
    },
    {
      "module": "module.eks",
      "mode": "data",
      "type": "aws_ami",
      "name": "eks_worker",
      "provider": "provider[\"registry.terraform.io/hashicorp/aws\"]",
      "instances": [
        {
          "schema_version": 0,
          "attributes": {
            "architecture": "x86_64",
            "arn": "arn:aws:ec2:eu-west-1::image/ami-0c13e919476e95f7c",
            "block_device_mappings": [
              {
                "device_name": "/dev/xvda",
                "ebs": {
                  "delete_on_termination": "true",
                  "encrypted": "false",
                  "iops": "0",
                  "snapshot_id": "snap-0c96cfe986880d60b",
                  "throughput": "0",
                  "volume_size": "20",
                  "volume_type": "gp2"
                },
                "no_device": "",
                "virtual_name": ""
              }
            ],
            "boot_mode": "",
            "creation_date": "2025-02-12T18:12:52.000Z",
            "deprecation_time": "2027-02-12T18:12:52.000Z",
            "description": "EKS Kubernetes Worker AMI with AmazonLinux2 image, (k8s: 1.31.5, containerd: 1.7.*)",
            "ena_support": true,
            "executable_users": null,
            "filter": [
              {
                "name": "architecture",
                "values": [
                  "x86_64"
                ]
              },
              {
                "name": "name",
                "values": [
                  "amazon-eks-node-*"
                ]
              }
            ],
            "hypervisor": "xen",
            "id": "ami-0c13e919476e95f7c",
            "image_id": "ami-0c13e919476e95f7c",
            "image_location": "amazon/amazon-eks-node-1.31-v20250212",
            "image_owner_alias": "amazon",
            "image_type": "machine",
            "imds_support": "",
            "include_deprecated": false,
            "kernel_id": "",
            "most_recent": true,
            "name": "amazon-eks-node-1.31-v20250212",
            "name_regex": null,
            "owner_id": "602401143452",
            "owners": [
              "602401143452"
            ],
            "platform": "",
            "platform_details": "Linux/UNIX",
            "product_codes": [],
            "public": true,
            "ramdisk_id": "",
            "root_device_name": "/dev/xvda",
            "root_device_type": "ebs",
            "root_snapshot_id": "snap-0c96cfe986880d60b",
            "sriov_net_support": "simple",
            "state": "available",
            "state_reason": {
              "code": "UNSET",
              "message": "UNSET"
            },
            "tags": {},
            "timeouts": null,
            "tpm_support": "",
            "uefi_data": null,
            "usage_operation": "RunInstances",
            "virtualization_type": "hvm"
          },
          "sensitive_attributes": []
        }
      ]
    },
    {
      "module": "module.eks",
      "mode": "managed",
      "type": "aws_eks_cluster",
      "name": "this",
      "provider": "provider[\"registry.terraform.io/hashicorp/aws\"]",
      "instances": [
        {
          "schema_version": 1,
          "attributes": {
            "access_config": [
              {
                "authentication_mode": "CONFIG_MAP",
                "bootstrap_cluster_creator_admin_permissions": true
              }
            ],
            "arn": "arn:aws:eks:eu-west-1:212773812862:cluster/my-eks-cluster",
            "bootstrap_self_managed_addons": true,
            "certificate_authority": [
              {
                "data": "LS0tLS1CRUdJTiBDRVJUSUZJQ0FURS0tLS0tCk1JSURCVENDQWUyZ0F3SUJBZ0lJYjRoaCswVTlIalF3RFFZSktvWklodmNOQVFFTEJRQXdGVEVUTUJFR0ExVUUKQXhNS2EzVmlaWEp1WlhSbGN6QWVGdzB5TlRBeU1Ua3hPVEl4TVRaYUZ3MHpOVEF5TVRjeE9USTJNVFphTUJVeApFekFSQmdOVkJBTVRDbXQxWW1WeWJtVjBaWE13Z2dFaU1BMEdDU3FHU0liM0RRRUJBUVVBQTRJQkR3QXdnZ0VLCkFvSUJBUURiTkVrZ2Z4MEtESXB4eFhDUnpJM2NvaXZTaitSenA5d2VpVXluR0d1dE00aWh5bVlCUUNnYVJJSUgKWGJ4cjZnY3M4NmJFa0lGT1VFVExVSlFCR0dORVdrS0U3ckhDelJZeEZBbVkzSERTYVh2dzJzSHRyWEFGQW1IOApNRkp6RVV3ZS9Bdk9aT29RUTlXRmxjdzFtbXBib1hxSkRwaHB2NGh4b1BRMUtTRkZlcisvYkRQcGFLc28xenZCCmRwR1NyWnk3UnhjYlkvSlRoQjhZano3OFNmSnFERTludTF2aTZrMVJEN1h6LzNmK2pWZTNQZGJDWVhrbGxLVXMKUm1TQXAxY0Y4R2dXOVpCRDdtM2JnQ2NpUzAvNGFrRUlsZEQ0Nm1SSUNHR25TTlNDdDRjSW5pbVZMbURyNUQ4UwpMaExLRWU3V0NHalVONzk1cEQ0NUVlQmdubnN0QWdNQkFBR2pXVEJYTUE0R0ExVWREd0VCL3dRRUF3SUNwREFQCkJnTlZIUk1CQWY4RUJUQURBUUgvTUIwR0ExVWREZ1FXQkJUdzlVWTFtbTJUZEFRWVJtQUJRZVVJN3BKdXRqQVYKQmdOVkhSRUVEakFNZ2dwcmRXSmxjbTVsZEdWek1BMEdDU3FHU0liM0RRRUJDd1VBQTRJQkFRQVYzaEJKM21LUwp1c2ZaTlhqKzRabnZaSHpFK2lWbURSVUl0dkE4M0h6WHAwZWZRTnc3U2JMakFVcjdaV1hjYmRPZmhVdWtWc0drCi9MKzhpYWc3eElzK2hyc3NWWDRkdm5HY0pFUmJEUnlnY28vSmZoRWR4ZDFremZQVHlZL0tSLzJLNHZIV1pZQkoKZUFjNmxES2VxbzdVTHdmaElBRjNLZzNzNm5ERHNPNWRVZHVrVTVEb1RzRjk1UFhkZy9taFpGSHlqcGRMVWpsMgpCVFdtMzBpY3RETDI3eFdHOTZ1dWd5cUJ2VVRtQzltVmxMa3VvMElxZk4zM1pLdUhocmZxRlQrWFlZQXprMnBXClFvd056ZXppR1ZoemJoalZNUEg2eVc3c3dHWXliMXVzMW9kRGQvTEszcnZDcC83WElDL3g1am5yMzVDS3BYZVIKTmlwVkFGWFgzWWpjCi0tLS0tRU5EIENFUlRJRklDQVRFLS0tLS0K"
              }
            ],
            "cluster_id": null,
            "compute_config": [],
            "created_at": "2025-02-19T19:21:53Z",
            "enabled_cluster_log_types": null,
            "encryption_config": [],
            "endpoint": "https://78DB609C27A3F795B7BBD7C968B08C22.gr7.eu-west-1.eks.amazonaws.com",
            "id": "my-eks-cluster",
            "identity": [
              {
                "oidc": [
                  {
                    "issuer": "https://oidc.eks.eu-west-1.amazonaws.com/id/78DB609C27A3F795B7BBD7C968B08C22"
                  }
                ]
              }
            ],
            "kubernetes_network_config": [
              {
                "elastic_load_balancing": [
                  {
                    "enabled": false
                  }
                ],
                "ip_family": "ipv4",
                "service_ipv4_cidr": "172.20.0.0/16",
                "service_ipv6_cidr": ""
              }
            ],
            "name": "my-eks-cluster",
            "outpost_config": [],
            "platform_version": "eks.19",
            "remote_network_config": [],
            "role_arn": "arn:aws:iam::212773812862:role/eks-cluster-role",
            "status": "ACTIVE",
            "storage_config": [],
            "tags": null,
            "tags_all": {},
            "timeouts": null,
            "upgrade_policy": [
              {
                "support_type": "EXTENDED"
              }
            ],
            "version": "1.31",
            "vpc_config": [
              {
                "cluster_security_group_id": "sg-00b52e437c6a49372",
                "endpoint_private_access": false,
                "endpoint_public_access": true,
                "public_access_cidrs": [
                  "0.0.0.0/0"
                ],
                "security_group_ids": null,
                "subnet_ids": [
                  "subnet-02312efe4c82d2958",
                  "subnet-0a0d111b11283cfd4"
                ],
                "vpc_id": "vpc-06b1e3494e4f3de15"
              }
            ],
            "zonal_shift_config": []
          },
          "sensitive_attributes": [],
          "private": "eyJlMmJmYjczMC1lY2FhLTExZTYtOGY4OC0zNDM2M2JjN2M0YzAiOnsiY3JlYXRlIjoxODAwMDAwMDAwMDAwLCJkZWxldGUiOjkwMDAwMDAwMDAwMCwidXBkYXRlIjozNjAwMDAwMDAwMDAwfSwic2NoZW1hX3ZlcnNpb24iOiIxIn0=",
          "dependencies": [
            "aws_key_pair.eks_key",
            "local_file.eks_node_private_key",
            "module.eks_iam.aws_iam_role.eks_cluster_role",
            "module.eks_iam.aws_iam_role_policy_attachment.eks_cluster_AmazonEC2ContainerRegistryReadOnly",
            "module.eks_iam.aws_iam_role_policy_attachment.eks_cluster_AmazonEKSClusterPolicy",
            "module.eks_iam.aws_iam_role_policy_attachment.eks_cluster_AmazonEKSVPCResourceController",
            "module.eks_iam.aws_iam_role_policy_attachment.eks_cluster_AmazonEKSWorkerNodePolicy",
            "module.eks_iam.aws_iam_role_policy_attachment.eks_cluster_AmazonEKS_CNI_Policy",
            "module.vpc.aws_internet_gateway.igw",
            "module.vpc.aws_route_table.public_route_table",
            "module.vpc.aws_route_table_association.public_subnet_assoc_1",
            "module.vpc.aws_route_table_association.public_subnet_assoc_2",
            "module.vpc.aws_subnet.public_subnet_1",
            "module.vpc.aws_subnet.public_subnet_2",
            "module.vpc.aws_vpc.main_vpc",
            "tls_private_key.eks_node_key"
          ]
        }
      ]
    },
    {
      "module": "module.eks",
      "mode": "managed",
      "type": "aws_eks_node_group",
      "name": "this",
      "provider": "provider[\"registry.terraform.io/hashicorp/aws\"]",
      "instances": [
        {
          "schema_version": 0,
          "attributes": {
            "ami_type": "CUSTOM",
            "arn": "arn:aws:eks:eu-west-1:212773812862:nodegroup/my-eks-cluster/my-eks-cluster-node-group/dcca8fd7-20ab-80b1-38ec-01668324bfbf",
            "capacity_type": "ON_DEMAND",
            "cluster_name": "my-eks-cluster",
            "disk_size": 0,
            "force_update_version": null,
            "id": "my-eks-cluster:my-eks-cluster-node-group",
            "instance_types": [],
            "labels": null,
            "launch_template": [
              {
                "id": "lt-00e0046b15b7e22f4",
                "name": "my-eks-cluster-node-20250219192153557700000007",
                "version": "1"
              }
            ],
            "node_group_name": "my-eks-cluster-node-group",
            "node_group_name_prefix": "",
            "node_repair_config": [],
            "node_role_arn": "arn:aws:iam::212773812862:role/eks-cluster-role",
            "release_version": "ami-0c13e919476e95f7c",
            "remote_access": [],
            "resources": [
              {
                "autoscaling_groups": [
                  {
                    "name": "eks-my-eks-cluster-node-group-dcca8fd7-20ab-80b1-38ec-01668324bfbf"
                  }
                ],
                "remote_access_security_group_id": ""
              }
            ],
            "scaling_config": [
              {
                "desired_size": 2,
                "max_size": 2,
                "min_size": 2
              }
            ],
            "status": "ACTIVE",
            "subnet_ids": [
              "subnet-02312efe4c82d2958",
              "subnet-0a0d111b11283cfd4"
            ],
            "tags": null,
            "tags_all": {},
            "taint": [],
            "timeouts": null,
            "update_config": [
              {
                "max_unavailable": 1,
                "max_unavailable_percentage": 0
              }
            ],
            "version": "1.31"
          },
          "sensitive_attributes": [],
          "private": "eyJlMmJmYjczMC1lY2FhLTExZTYtOGY4OC0zNDM2M2JjN2M0YzAiOnsiY3JlYXRlIjozNjAwMDAwMDAwMDAwLCJkZWxldGUiOjM2MDAwMDAwMDAwMDAsInVwZGF0ZSI6MzYwMDAwMDAwMDAwMH19",
          "dependencies": [
            "aws_key_pair.eks_key",
            "local_file.eks_node_private_key",
            "module.eks.aws_eks_cluster.this",
            "module.eks.aws_launch_template.node_group_lt",
            "module.eks.data.aws_ami.eks_worker",
            "module.eks_iam.aws_iam_role.eks_cluster_role",
            "module.eks_iam.aws_iam_role_policy_attachment.eks_cluster_AmazonEC2ContainerRegistryReadOnly",
            "module.eks_iam.aws_iam_role_policy_attachment.eks_cluster_AmazonEKSClusterPolicy",
            "module.eks_iam.aws_iam_role_policy_attachment.eks_cluster_AmazonEKSVPCResourceController",
            "module.eks_iam.aws_iam_role_policy_attachment.eks_cluster_AmazonEKSWorkerNodePolicy",
            "module.eks_iam.aws_iam_role_policy_attachment.eks_cluster_AmazonEKS_CNI_Policy",
            "module.vpc.aws_internet_gateway.igw",
            "module.vpc.aws_route_table.public_route_table",
            "module.vpc.aws_route_table_association.public_subnet_assoc_1",
            "module.vpc.aws_route_table_association.public_subnet_assoc_2",
            "module.vpc.aws_subnet.public_subnet_1",
            "module.vpc.aws_subnet.public_subnet_2",
            "module.vpc.aws_vpc.main_vpc",
            "tls_private_key.eks_node_key"
          ]
        }
      ]
    },
    {
      "module": "module.eks",
      "mode": "managed",
      "type": "aws_launch_template",
      "name": "node_group_lt",
      "provider": "provider[\"registry.terraform.io/hashicorp/aws\"]",
      "instances": [
        {
          "schema_version": 0,
          "attributes": {
            "arn": "arn:aws:ec2:eu-west-1:212773812862:launch-template/lt-00e0046b15b7e22f4",
            "block_device_mappings": [
              {
                "device_name": "/dev/xvda",
                "ebs": [
                  {
                    "delete_on_termination": "",
                    "encrypted": "",
                    "iops": 0,
                    "kms_key_id": "",
                    "snapshot_id": "",
                    "throughput": 0,
                    "volume_size": 20,
                    "volume_type": "gp2"
                  }
                ],
                "no_device": "",
                "virtual_name": ""
              }
            ],
            "capacity_reservation_specification": [],
            "cpu_options": [],
            "credit_specification": [],
            "default_version": 1,
            "description": "",
            "disable_api_stop": false,
            "disable_api_termination": false,
            "ebs_optimized": "",
            "elastic_gpu_specifications": [],
            "elastic_inference_accelerator": [],
            "enclave_options": [],
            "hibernation_options": [],
            "iam_instance_profile": [],
            "id": "lt-00e0046b15b7e22f4",
            "image_id": "ami-0c13e919476e95f7c",
            "instance_initiated_shutdown_behavior": "",
            "instance_market_options": [],
            "instance_requirements": [],
            "instance_type": "t3.medium",
            "kernel_id": "",
            "key_name": "eks-node-key",
            "latest_version": 1,
            "license_specification": [],
            "maintenance_options": [],
            "metadata_options": [],
            "monitoring": [],
            "name": "my-eks-cluster-node-20250219192153557700000007",
            "name_prefix": "my-eks-cluster-node-",
            "network_interfaces": [],
            "placement": [],
            "private_dns_name_options": [],
            "ram_disk_id": "",
            "security_group_names": null,
            "tag_specifications": [],
            "tags": null,
            "tags_all": {},
            "update_default_version": null,
            "user_data": "IyEvYmluL2Jhc2gKL2V0Yy9la3MvYm9vdHN0cmFwLnNoIG15LWVrcy1jbHVzdGVyIC0ta3ViZWxldC1leHRyYS1hcmdzICctLW5vZGUtbGFiZWxzPXJvbGU9d29ya2VyJwo=",
            "vpc_security_group_ids": null
          },
          "sensitive_attributes": [],
          "private": "bnVsbA==",
          "dependencies": [
            "aws_key_pair.eks_key",
            "local_file.eks_node_private_key",
            "module.eks.data.aws_ami.eks_worker",
            "module.eks_iam.aws_iam_role.eks_cluster_role",
            "module.eks_iam.aws_iam_role_policy_attachment.eks_cluster_AmazonEC2ContainerRegistryReadOnly",
            "module.eks_iam.aws_iam_role_policy_attachment.eks_cluster_AmazonEKSClusterPolicy",
            "module.eks_iam.aws_iam_role_policy_attachment.eks_cluster_AmazonEKSVPCResourceController",
            "module.eks_iam.aws_iam_role_policy_attachment.eks_cluster_AmazonEKSWorkerNodePolicy",
            "module.eks_iam.aws_iam_role_policy_attachment.eks_cluster_AmazonEKS_CNI_Policy",
            "module.vpc.aws_internet_gateway.igw",
            "module.vpc.aws_route_table.public_route_table",
            "module.vpc.aws_route_table_association.public_subnet_assoc_1",
            "module.vpc.aws_route_table_association.public_subnet_assoc_2",
            "module.vpc.aws_subnet.public_subnet_1",
            "module.vpc.aws_subnet.public_subnet_2",
            "module.vpc.aws_vpc.main_vpc",
            "tls_private_key.eks_node_key"
          ]
        }
      ]
    },
    {
      "module": "module.eks_iam",
      "mode": "managed",
      "type": "aws_iam_role",
      "name": "eks_cluster_role",
      "provider": "provider[\"registry.terraform.io/hashicorp/aws\"]",
      "instances": [
        {
          "schema_version": 0,
          "attributes": {
            "arn": "arn:aws:iam::212773812862:role/eks-cluster-role",
            "assume_role_policy": "{\"Statement\":[{\"Action\":\"sts:AssumeRole\",\"Effect\":\"Allow\",\"Principal\":{\"Service\":[\"eks.amazonaws.com\",\"ec2.amazonaws.com\"]}}],\"Version\":\"2012-10-17\"}",
            "create_date": "2025-02-19T19:21:45Z",
            "description": "",
            "force_detach_policies": false,
            "id": "eks-cluster-role",
            "inline_policy": [],
            "managed_policy_arns": [],
            "max_session_duration": 3600,
            "name": "eks-cluster-role",
            "name_prefix": "",
            "path": "/",
            "permissions_boundary": "",
            "tags": {
              "Name": "eks-cluster-role"
            },
            "tags_all": {
              "Name": "eks-cluster-role"
            },
            "unique_id": "AROATDCSOXJ7GPPPZIUQC"
          },
          "sensitive_attributes": [],
          "private": "bnVsbA==",
          "dependencies": [
            "module.vpc.aws_internet_gateway.igw",
            "module.vpc.aws_route_table.public_route_table",
            "module.vpc.aws_route_table_association.public_subnet_assoc_1",
            "module.vpc.aws_route_table_association.public_subnet_assoc_2",
            "module.vpc.aws_subnet.public_subnet_1",
            "module.vpc.aws_subnet.public_subnet_2",
            "module.vpc.aws_vpc.main_vpc"
          ]
        }
      ]
    },
    {
      "module": "module.eks_iam",
      "mode": "managed",
      "type": "aws_iam_role_policy_attachment",
      "name": "eks_cluster_AmazonEC2ContainerRegistryReadOnly",
      "provider": "provider[\"registry.terraform.io/hashicorp/aws\"]",
      "instances": [
        {
          "schema_version": 0,
          "attributes": {
            "id": "eks-cluster-role-20250219192147021200000006",
            "policy_arn": "arn:aws:iam::aws:policy/AmazonEC2ContainerRegistryReadOnly",
            "role": "eks-cluster-role"
          },
          "sensitive_attributes": [],
          "private": "bnVsbA==",
          "dependencies": [
            "module.eks_iam.aws_iam_role.eks_cluster_role",
            "module.vpc.aws_internet_gateway.igw",
            "module.vpc.aws_route_table.public_route_table",
            "module.vpc.aws_route_table_association.public_subnet_assoc_1",
            "module.vpc.aws_route_table_association.public_subnet_assoc_2",
            "module.vpc.aws_subnet.public_subnet_1",
            "module.vpc.aws_subnet.public_subnet_2",
            "module.vpc.aws_vpc.main_vpc"
          ]
        }
      ]
    },
    {
      "module": "module.eks_iam",
      "mode": "managed",
      "type": "aws_iam_role_policy_attachment",
      "name": "eks_cluster_AmazonEKSClusterPolicy",
      "provider": "provider[\"registry.terraform.io/hashicorp/aws\"]",
      "instances": [
        {
          "schema_version": 0,
          "attributes": {
            "id": "eks-cluster-role-20250219192146981200000005",
            "policy_arn": "arn:aws:iam::aws:policy/AmazonEKSClusterPolicy",
            "role": "eks-cluster-role"
          },
          "sensitive_attributes": [],
          "private": "bnVsbA==",
          "dependencies": [
            "module.eks_iam.aws_iam_role.eks_cluster_role",
            "module.vpc.aws_internet_gateway.igw",
            "module.vpc.aws_route_table.public_route_table",
            "module.vpc.aws_route_table_association.public_subnet_assoc_1",
            "module.vpc.aws_route_table_association.public_subnet_assoc_2",
            "module.vpc.aws_subnet.public_subnet_1",
            "module.vpc.aws_subnet.public_subnet_2",
            "module.vpc.aws_vpc.main_vpc"
          ]
        }
      ]
    },
    {
      "module": "module.eks_iam",
      "mode": "managed",
      "type": "aws_iam_role_policy_attachment",
      "name": "eks_cluster_AmazonEKSVPCResourceController",
      "provider": "provider[\"registry.terraform.io/hashicorp/aws\"]",
      "instances": [
        {
          "schema_version": 0,
          "attributes": {
            "id": "eks-cluster-role-20250219192146292500000002",
            "policy_arn": "arn:aws:iam::aws:policy/AmazonEKSVPCResourceController",
            "role": "eks-cluster-role"
          },
          "sensitive_attributes": [],
          "private": "bnVsbA==",
          "dependencies": [
            "module.eks_iam.aws_iam_role.eks_cluster_role",
            "module.vpc.aws_internet_gateway.igw",
            "module.vpc.aws_route_table.public_route_table",
            "module.vpc.aws_route_table_association.public_subnet_assoc_1",
            "module.vpc.aws_route_table_association.public_subnet_assoc_2",
            "module.vpc.aws_subnet.public_subnet_1",
            "module.vpc.aws_subnet.public_subnet_2",
            "module.vpc.aws_vpc.main_vpc"
          ]
        }
      ]
    },
    {
      "module": "module.eks_iam",
      "mode": "managed",
      "type": "aws_iam_role_policy_attachment",
      "name": "eks_cluster_AmazonEKSWorkerNodePolicy",
      "provider": "provider[\"registry.terraform.io/hashicorp/aws\"]",
      "instances": [
        {
          "schema_version": 0,
          "attributes": {
            "id": "eks-cluster-role-20250219192146905000000004",
            "policy_arn": "arn:aws:iam::aws:policy/AmazonEKSWorkerNodePolicy",
            "role": "eks-cluster-role"
          },
          "sensitive_attributes": [],
          "private": "bnVsbA==",
          "dependencies": [
            "module.eks_iam.aws_iam_role.eks_cluster_role",
            "module.vpc.aws_internet_gateway.igw",
            "module.vpc.aws_route_table.public_route_table",
            "module.vpc.aws_route_table_association.public_subnet_assoc_1",
            "module.vpc.aws_route_table_association.public_subnet_assoc_2",
            "module.vpc.aws_subnet.public_subnet_1",
            "module.vpc.aws_subnet.public_subnet_2",
            "module.vpc.aws_vpc.main_vpc"
          ]
        }
      ]
    },
    {
      "module": "module.eks_iam",
      "mode": "managed",
      "type": "aws_iam_role_policy_attachment",
      "name": "eks_cluster_AmazonEKS_CNI_Policy",
      "provider": "provider[\"registry.terraform.io/hashicorp/aws\"]",
      "instances": [
        {
          "schema_version": 0,
          "attributes": {
            "id": "eks-cluster-role-20250219192146605300000003",
            "policy_arn": "arn:aws:iam::aws:policy/AmazonEKS_CNI_Policy",
            "role": "eks-cluster-role"
          },
          "sensitive_attributes": [],
          "private": "bnVsbA==",
          "dependencies": [
            "module.eks_iam.aws_iam_role.eks_cluster_role",
            "module.vpc.aws_internet_gateway.igw",
            "module.vpc.aws_route_table.public_route_table",
            "module.vpc.aws_route_table_association.public_subnet_assoc_1",
            "module.vpc.aws_route_table_association.public_subnet_assoc_2",
            "module.vpc.aws_subnet.public_subnet_1",
            "module.vpc.aws_subnet.public_subnet_2",
            "module.vpc.aws_vpc.main_vpc"
          ]
        }
      ]
    },
    {
      "module": "module.vpc",
      "mode": "managed",
      "type": "aws_internet_gateway",
      "name": "igw",
      "provider": "provider[\"registry.terraform.io/hashicorp/aws\"]",
      "instances": [
        {
          "schema_version": 0,
          "attributes": {
            "arn": "arn:aws:ec2:eu-west-1:212773812862:internet-gateway/igw-06a6ef1897d5dfebc",
            "id": "igw-06a6ef1897d5dfebc",
            "owner_id": "212773812862",
            "tags": {
              "Name": "my-vpc-igw"
            },
            "tags_all": {
              "Name": "my-vpc-igw"
            },
            "timeouts": null,
            "vpc_id": "vpc-06b1e3494e4f3de15"
          },
          "sensitive_attributes": [],
          "private": "eyJlMmJmYjczMC1lY2FhLTExZTYtOGY4OC0zNDM2M2JjN2M0YzAiOnsiY3JlYXRlIjoxMjAwMDAwMDAwMDAwLCJkZWxldGUiOjEyMDAwMDAwMDAwMDAsInVwZGF0ZSI6MTIwMDAwMDAwMDAwMH19",
          "dependencies": [
            "module.vpc.aws_vpc.main_vpc"
          ]
        }
      ]
    },
    {
      "module": "module.vpc",
      "mode": "managed",
      "type": "aws_route_table",
      "name": "public_route_table",
      "provider": "provider[\"registry.terraform.io/hashicorp/aws\"]",
      "instances": [
        {
          "schema_version": 0,
          "attributes": {
            "arn": "arn:aws:ec2:eu-west-1:212773812862:route-table/rtb-00954e95aa2402e77",
            "id": "rtb-00954e95aa2402e77",
            "owner_id": "212773812862",
            "propagating_vgws": [],
            "route": [
              {
                "carrier_gateway_id": "",
                "cidr_block": "0.0.0.0/0",
                "core_network_arn": "",
                "destination_prefix_list_id": "",
                "egress_only_gateway_id": "",
                "gateway_id": "igw-06a6ef1897d5dfebc",
                "ipv6_cidr_block": "",
                "local_gateway_id": "",
                "nat_gateway_id": "",
                "network_interface_id": "",
                "transit_gateway_id": "",
                "vpc_endpoint_id": "",
                "vpc_peering_connection_id": ""
              }
            ],
            "tags": {
              "Name": "my-vpc-public-rt"
            },
            "tags_all": {
              "Name": "my-vpc-public-rt"
            },
            "timeouts": null,
            "vpc_id": "vpc-06b1e3494e4f3de15"
          },
          "sensitive_attributes": [],
          "private": "eyJlMmJmYjczMC1lY2FhLTExZTYtOGY4OC0zNDM2M2JjN2M0YzAiOnsiY3JlYXRlIjozMDAwMDAwMDAwMDAsImRlbGV0ZSI6MzAwMDAwMDAwMDAwLCJ1cGRhdGUiOjEyMDAwMDAwMDAwMH19",
          "dependencies": [
            "module.vpc.aws_internet_gateway.igw",
            "module.vpc.aws_vpc.main_vpc"
          ]
        }
      ]
    },
    {
      "module": "module.vpc",
      "mode": "managed",
      "type": "aws_route_table_association",
      "name": "public_subnet_assoc_1",
      "provider": "provider[\"registry.terraform.io/hashicorp/aws\"]",
      "instances": [
        {
          "schema_version": 0,
          "attributes": {
            "gateway_id": "",
            "id": "rtbassoc-0168b6c6135c602bc",
            "route_table_id": "rtb-00954e95aa2402e77",
            "subnet_id": "subnet-0a0d111b11283cfd4",
            "timeouts": null
          },
          "sensitive_attributes": [],
          "private": "eyJlMmJmYjczMC1lY2FhLTExZTYtOGY4OC0zNDM2M2JjN2M0YzAiOnsiY3JlYXRlIjozMDAwMDAwMDAwMDAsImRlbGV0ZSI6MzAwMDAwMDAwMDAwLCJ1cGRhdGUiOjEyMDAwMDAwMDAwMH19",
          "dependencies": [
            "module.vpc.aws_internet_gateway.igw",
            "module.vpc.aws_route_table.public_route_table",
            "module.vpc.aws_subnet.public_subnet_1",
            "module.vpc.aws_vpc.main_vpc"
          ]
        }
      ]
    },
    {
      "module": "module.vpc",
      "mode": "managed",
      "type": "aws_route_table_association",
      "name": "public_subnet_assoc_2",
      "provider": "provider[\"registry.terraform.io/hashicorp/aws\"]",
      "instances": [
        {
          "schema_version": 0,
          "attributes": {
            "gateway_id": "",
            "id": "rtbassoc-071c5b2ba1a237b77",
            "route_table_id": "rtb-00954e95aa2402e77",
            "subnet_id": "subnet-02312efe4c82d2958",
            "timeouts": null
          },
          "sensitive_attributes": [],
          "private": "eyJlMmJmYjczMC1lY2FhLTExZTYtOGY4OC0zNDM2M2JjN2M0YzAiOnsiY3JlYXRlIjozMDAwMDAwMDAwMDAsImRlbGV0ZSI6MzAwMDAwMDAwMDAwLCJ1cGRhdGUiOjEyMDAwMDAwMDAwMH19",
          "dependencies": [
            "module.vpc.aws_internet_gateway.igw",
            "module.vpc.aws_route_table.public_route_table",
            "module.vpc.aws_subnet.public_subnet_2",
            "module.vpc.aws_vpc.main_vpc"
          ]
        }
      ]
    },
    {
      "module": "module.vpc",
      "mode": "managed",
      "type": "aws_subnet",
      "name": "public_subnet_1",
      "provider": "provider[\"registry.terraform.io/hashicorp/aws\"]",
      "instances": [
        {
          "schema_version": 1,
          "attributes": {
            "arn": "arn:aws:ec2:eu-west-1:212773812862:subnet/subnet-0a0d111b11283cfd4",
            "assign_ipv6_address_on_creation": false,
            "availability_zone": "eu-west-1a",
            "availability_zone_id": "euw1-az2",
            "cidr_block": "10.0.101.0/24",
            "customer_owned_ipv4_pool": "",
            "enable_dns64": false,
            "enable_lni_at_device_index": 0,
            "enable_resource_name_dns_a_record_on_launch": false,
            "enable_resource_name_dns_aaaa_record_on_launch": false,
            "id": "subnet-0a0d111b11283cfd4",
            "ipv6_cidr_block": "",
            "ipv6_cidr_block_association_id": "",
            "ipv6_native": false,
            "map_customer_owned_ip_on_launch": false,
            "map_public_ip_on_launch": true,
            "outpost_arn": "",
            "owner_id": "212773812862",
            "private_dns_hostname_type_on_launch": "ip-name",
            "tags": {
              "Name": "my-vpc-public-subnet-1"
            },
            "tags_all": {
              "Name": "my-vpc-public-subnet-1"
            },
            "timeouts": null,
            "vpc_id": "vpc-06b1e3494e4f3de15"
          },
          "sensitive_attributes": [],
          "private": "eyJlMmJmYjczMC1lY2FhLTExZTYtOGY4OC0zNDM2M2JjN2M0YzAiOnsiY3JlYXRlIjo2MDAwMDAwMDAwMDAsImRlbGV0ZSI6MTIwMDAwMDAwMDAwMH0sInNjaGVtYV92ZXJzaW9uIjoiMSJ9",
          "dependencies": [
            "module.vpc.aws_vpc.main_vpc"
          ]
        }
      ]
    },
    {
      "module": "module.vpc",
      "mode": "managed",
      "type": "aws_subnet",
      "name": "public_subnet_2",
      "provider": "provider[\"registry.terraform.io/hashicorp/aws\"]",
      "instances": [
        {
          "schema_version": 1,
          "attributes": {
            "arn": "arn:aws:ec2:eu-west-1:212773812862:subnet/subnet-02312efe4c82d2958",
            "assign_ipv6_address_on_creation": false,
            "availability_zone": "eu-west-1b",
            "availability_zone_id": "euw1-az3",
            "cidr_block": "10.0.102.0/24",
            "customer_owned_ipv4_pool": "",
            "enable_dns64": false,
            "enable_lni_at_device_index": 0,
            "enable_resource_name_dns_a_record_on_launch": false,
            "enable_resource_name_dns_aaaa_record_on_launch": false,
            "id": "subnet-02312efe4c82d2958",
            "ipv6_cidr_block": "",
            "ipv6_cidr_block_association_id": "",
            "ipv6_native": false,
            "map_customer_owned_ip_on_launch": false,
            "map_public_ip_on_launch": true,
            "outpost_arn": "",
            "owner_id": "212773812862",
            "private_dns_hostname_type_on_launch": "ip-name",
            "tags": {
              "Name": "my-vpc-public-subnet-2"
            },
            "tags_all": {
              "Name": "my-vpc-public-subnet-2"
            },
            "timeouts": null,
            "vpc_id": "vpc-06b1e3494e4f3de15"
          },
          "sensitive_attributes": [],
          "private": "eyJlMmJmYjczMC1lY2FhLTExZTYtOGY4OC0zNDM2M2JjN2M0YzAiOnsiY3JlYXRlIjo2MDAwMDAwMDAwMDAsImRlbGV0ZSI6MTIwMDAwMDAwMDAwMH0sInNjaGVtYV92ZXJzaW9uIjoiMSJ9",
          "dependencies": [
            "module.vpc.aws_vpc.main_vpc"
          ]
        }
      ]
    },
    {
      "module": "module.vpc",
      "mode": "managed",
      "type": "aws_vpc",
      "name": "main_vpc",
      "provider": "provider[\"registry.terraform.io/hashicorp/aws\"]",
      "instances": [
        {
          "schema_version": 1,
          "attributes": {
            "arn": "arn:aws:ec2:eu-west-1:212773812862:vpc/vpc-06b1e3494e4f3de15",
            "assign_generated_ipv6_cidr_block": false,
            "cidr_block": "10.0.0.0/16",
            "default_network_acl_id": "acl-0633d487be2054e1f",
            "default_route_table_id": "rtb-08a34ed3de9381adf",
            "default_security_group_id": "sg-057c8b16e7a2ff4c8",
            "dhcp_options_id": "dopt-08641926ffd7b5d8f",
            "enable_dns_hostnames": true,
            "enable_dns_support": true,
            "enable_network_address_usage_metrics": false,
            "id": "vpc-06b1e3494e4f3de15",
            "instance_tenancy": "default",
            "ipv4_ipam_pool_id": null,
            "ipv4_netmask_length": null,
            "ipv6_association_id": "",
            "ipv6_cidr_block": "",
            "ipv6_cidr_block_network_border_group": "",
            "ipv6_ipam_pool_id": "",
            "ipv6_netmask_length": 0,
            "main_route_table_id": "rtb-08a34ed3de9381adf",
            "owner_id": "212773812862",
            "tags": {
              "Name": "my-vpc"
            },
            "tags_all": {
              "Name": "my-vpc"
            }
          },
          "sensitive_attributes": [],
          "private": "eyJzY2hlbWFfdmVyc2lvbiI6IjEifQ=="
        }
      ]
    }
  ],
  "check_results": null
}
